
Microsoft Visual Studio Solution File, Format Version 12.00
# Visual Studio Version 17
VisualStudioVersion = 17.0.31903.59
MinimumVisualStudioVersion = 10.0.40219.1
Project("{2150E333-8FDC-42A3-9474-1A3956D46DE8}") = "src", "src", "{827E0CD3-B72D-47B6-A68D-7590B98EB39B}"
EndProject
Project("{FAE04EC0-301F-11D3-BF4B-00C04F79EFBC}") = "ResidApp.Shared", "ResidApp.Shared\ResidApp.Shared.csproj", "{E64DA146-A890-4CCB-85AA-E389A05124E5}"
EndProject
Project("{FAE04EC0-301F-11D3-BF4B-00C04F79EFBC}") = "ResidApp.Domain", "ResidApp.Domain\ResidApp.Domain.csproj", "{77D3F908-1240-4E9E-B79A-DAC60D81C4C7}"
EndProject
Project("{FAE04EC0-301F-11D3-BF4B-00C04F79EFBC}") = "ResidApp.Application", "ResidApp.Application\ResidApp.Application.csproj", "{56D9AFF4-C3AA-49D7-9B49-7DA9DA754CA7}"
EndProject
Project("{FAE04EC0-301F-11D3-BF4B-00C04F79EFBC}") = "ResidApp.Infrastructure", "ResidApp.Infrastructure\ResidApp.Infrastructure.csproj", "{9C16A516-CEFC-4A30-BD7E-0A3DD543467E}"
EndProject
Project("{FAE04EC0-301F-11D3-BF4B-00C04F79EFBC}") = "ResidApp.Web", "ResidApp.Web\ResidApp.Web.csproj", "{3EE428A2-172A-43E3-BB27-F14FA13CB6B3}"
EndProject
Project("{2150E333-8FDC-42A3-9474-1A3956D46DE8}") = "tests", "tests", "{0AB3BF05-4346-4AA6-1389-037BE0695223}"
EndProject
Project("{FAE04EC0-301F-11D3-BF4B-00C04F79EFBC}") = "ResidApp.UnitTests", "..\tests\UnitTests\ResidApp.UnitTests.csproj", "{05AAEB43-1D93-4D04-8DF2-3312BCBD5C30}"
EndProject
Project("{FAE04EC0-301F-11D3-BF4B-00C04F79EFBC}") = "ResidApp.IntegrationTests", "..\tests\IntegrationTests\ResidApp.IntegrationTests.csproj", "{B0890FD9-4370-4D05-B4CE-30D03A01551F}"
EndProject
Project("{FAE04EC0-301F-11D3-BF4B-00C04F79EFBC}") = "ResidApp.FunctionalTests", "..\tests\FunctionalTests\ResidApp.FunctionalTests.csproj", "{87DD4245-3D54-456D-88D9-A78B2D291268}"
EndProject
Global
	GlobalSection(SolutionConfigurationPlatforms) = preSolution
		Debug|Any CPU = Debug|Any CPU
		Debug|x64 = Debug|x64
		Debug|x86 = Debug|x86
		Release|Any CPU = Release|Any CPU
		Release|x64 = Release|x64
		Release|x86 = Release|x86
	EndGlobalSection
	GlobalSection(ProjectConfigurationPlatforms) = postSolution
		{E64DA146-A890-4CCB-85AA-E389A05124E5}.Debug|Any CPU.ActiveCfg = Debug|Any CPU
		{E64DA146-A890-4CCB-85AA-E389A05124E5}.Debug|Any CPU.Build.0 = Debug|Any CPU
		{E64DA146-A890-4CCB-85AA-E389A05124E5}.Debug|x64.ActiveCfg = Debug|Any CPU
		{E64DA146-A890-4CCB-85AA-E389A05124E5}.Debug|x64.Build.0 = Debug|Any CPU
		{E64DA146-A890-4CCB-85AA-E389A05124E5}.Debug|x86.ActiveCfg = Debug|Any CPU
		{E64DA146-A890-4CCB-85AA-E389A05124E5}.Debug|x86.Build.0 = Debug|Any CPU
		{E64DA146-A890-4CCB-85AA-E389A05124E5}.Release|Any CPU.ActiveCfg = Release|Any CPU
		{E64DA146-A890-4CCB-85AA-E389A05124E5}.Release|Any CPU.Build.0 = Release|Any CPU
		{E64DA146-A890-4CCB-85AA-E389A05124E5}.Release|x64.ActiveCfg = Release|Any CPU
		{E64DA146-A890-4CCB-85AA-E389A05124E5}.Release|x64.Build.0 = Release|Any CPU
		{E64DA146-A890-4CCB-85AA-E389A05124E5}.Release|x86.ActiveCfg = Release|Any CPU
		{E64DA146-A890-4CCB-85AA-E389A05124E5}.Release|x86.Build.0 = Release|Any CPU
		{77D3F908-1240-4E9E-B79A-DAC60D81C4C7}.Debug|Any CPU.ActiveCfg = Debug|Any CPU
		{77D3F908-1240-4E9E-B79A-DAC60D81C4C7}.Debug|Any CPU.Build.0 = Debug|Any CPU
		{77D3F908-1240-4E9E-B79A-DAC60D81C4C7}.Debug|x64.ActiveCfg = Debug|Any CPU
		{77D3F908-1240-4E9E-B79A-DAC60D81C4C7}.Debug|x64.Build.0 = Debug|Any CPU
		{77D3F908-1240-4E9E-B79A-DAC60D81C4C7}.Debug|x86.ActiveCfg = Debug|Any CPU
		{77D3F908-1240-4E9E-B79A-DAC60D81C4C7}.Debug|x86.Build.0 = Debug|Any CPU
		{77D3F908-1240-4E9E-B79A-DAC60D81C4C7}.Release|Any CPU.ActiveCfg = Release|Any CPU
		{77D3F908-1240-4E9E-B79A-DAC60D81C4C7}.Release|Any CPU.Build.0 = Release|Any CPU
		{77D3F908-1240-4E9E-B79A-DAC60D81C4C7}.Release|x64.ActiveCfg = Release|Any CPU
		{77D3F908-1240-4E9E-B79A-DAC60D81C4C7}.Release|x64.Build.0 = Release|Any CPU
		{77D3F908-1240-4E9E-B79A-DAC60D81C4C7}.Release|x86.ActiveCfg = Release|Any CPU
		{77D3F908-1240-4E9E-B79A-DAC60D81C4C7}.Release|x86.Build.0 = Release|Any CPU
		{56D9AFF4-C3AA-49D7-9B49-7DA9DA754CA7}.Debug|Any CPU.ActiveCfg = Debug|Any CPU
		{56D9AFF4-C3AA-49D7-9B49-7DA9DA754CA7}.Debug|Any CPU.Build.0 = Debug|Any CPU
		{56D9AFF4-C3AA-49D7-9B49-7DA9DA754CA7}.Debug|x64.ActiveCfg = Debug|Any CPU
		{56D9AFF4-C3AA-49D7-9B49-7DA9DA754CA7}.Debug|x64.Build.0 = Debug|Any CPU
		{56D9AFF4-C3AA-49D7-9B49-7DA9DA754CA7}.Debug|x86.ActiveCfg = Debug|Any CPU
		{56D9AFF4-C3AA-49D7-9B49-7DA9DA754CA7}.Debug|x86.Build.0 = Debug|Any CPU
		{56D9AFF4-C3AA-49D7-9B49-7DA9DA754CA7}.Release|Any CPU.ActiveCfg = Release|Any CPU
		{56D9AFF4-C3AA-49D7-9B49-7DA9DA754CA7}.Release|Any CPU.Build.0 = Release|Any CPU
		{56D9AFF4-C3AA-49D7-9B49-7DA9DA754CA7}.Release|x64.ActiveCfg = Release|Any CPU
		{56D9AFF4-C3AA-49D7-9B49-7DA9DA754CA7}.Release|x64.Build.0 = Release|Any CPU
		{56D9AFF4-C3AA-49D7-9B49-7DA9DA754CA7}.Release|x86.ActiveCfg = Release|Any CPU
		{56D9AFF4-C3AA-49D7-9B49-7DA9DA754CA7}.Release|x86.Build.0 = Release|Any CPU
		{9C16A516-CEFC-4A30-BD7E-0A3DD543467E}.Debug|Any CPU.ActiveCfg = Debug|Any CPU
		{9C16A516-CEFC-4A30-BD7E-0A3DD543467E}.Debug|Any CPU.Build.0 = Debug|Any CPU
		{9C16A516-CEFC-4A30-BD7E-0A3DD543467E}.Debug|x64.ActiveCfg = Debug|Any CPU
		{9C16A516-CEFC-4A30-BD7E-0A3DD543467E}.Debug|x64.Build.0 = Debug|Any CPU
		{9C16A516-CEFC-4A30-BD7E-0A3DD543467E}.Debug|x86.ActiveCfg = Debug|Any CPU
		{9C16A516-CEFC-4A30-BD7E-0A3DD543467E}.Debug|x86.Build.0 = Debug|Any CPU
		{9C16A516-CEFC-4A30-BD7E-0A3DD543467E}.Release|Any CPU.ActiveCfg = Release|Any CPU
		{9C16A516-CEFC-4A30-BD7E-0A3DD543467E}.Release|Any CPU.Build.0 = Release|Any CPU
		{9C16A516-CEFC-4A30-BD7E-0A3DD543467E}.Release|x64.ActiveCfg = Release|Any CPU
		{9C16A516-CEFC-4A30-BD7E-0A3DD543467E}.Release|x64.Build.0 = Release|Any CPU
		{9C16A516-CEFC-4A30-BD7E-0A3DD543467E}.Release|x86.ActiveCfg = Release|Any CPU
		{9C16A516-CEFC-4A30-BD7E-0A3DD543467E}.Release|x86.Build.0 = Release|Any CPU
		{3EE428A2-172A-43E3-BB27-F14FA13CB6B3}.Debug|Any CPU.ActiveCfg = Debug|Any CPU
		{3EE428A2-172A-43E3-BB27-F14FA13CB6B3}.Debug|Any CPU.Build.0 = Debug|Any CPU
		{3EE428A2-172A-43E3-BB27-F14FA13CB6B3}.Debug|x64.ActiveCfg = Debug|Any CPU
		{3EE428A2-172A-43E3-BB27-F14FA13CB6B3}.Debug|x64.Build.0 = Debug|Any CPU
		{3EE428A2-172A-43E3-BB27-F14FA13CB6B3}.Debug|x86.ActiveCfg = Debug|Any CPU
		{3EE428A2-172A-43E3-BB27-F14FA13CB6B3}.Debug|x86.Build.0 = Debug|Any CPU
		{3EE428A2-172A-43E3-BB27-F14FA13CB6B3}.Release|Any CPU.ActiveCfg = Release|Any CPU
		{3EE428A2-172A-43E3-BB27-F14FA13CB6B3}.Release|Any CPU.Build.0 = Release|Any CPU
		{3EE428A2-172A-43E3-BB27-F14FA13CB6B3}.Release|x64.ActiveCfg = Release|Any CPU
		{3EE428A2-172A-43E3-BB27-F14FA13CB6B3}.Release|x64.Build.0 = Release|Any CPU
		{3EE428A2-172A-43E3-BB27-F14FA13CB6B3}.Release|x86.ActiveCfg = Release|Any CPU
		{3EE428A2-172A-43E3-BB27-F14FA13CB6B3}.Release|x86.Build.0 = Release|Any CPU
		{05AAEB43-1D93-4D04-8DF2-3312BCBD5C30}.Debug|Any CPU.ActiveCfg = Debug|Any CPU
		{05AAEB43-1D93-4D04-8DF2-3312BCBD5C30}.Debug|Any CPU.Build.0 = Debug|Any CPU
		{05AAEB43-1D93-4D04-8DF2-3312BCBD5C30}.Debug|x64.ActiveCfg = Debug|Any CPU
		{05AAEB43-1D93-4D04-8DF2-3312BCBD5C30}.Debug|x64.Build.0 = Debug|Any CPU
		{05AAEB43-1D93-4D04-8DF2-3312BCBD5C30}.Debug|x86.ActiveCfg = Debug|Any CPU
		{05AAEB43-1D93-4D04-8DF2-3312BCBD5C30}.Debug|x86.Build.0 = Debug|Any CPU
		{05AAEB43-1D93-4D04-8DF2-3312BCBD5C30}.Release|Any CPU.ActiveCfg = Release|Any CPU
		{05AAEB43-1D93-4D04-8DF2-3312BCBD5C30}.Release|Any CPU.Build.0 = Release|Any CPU
		{05AAEB43-1D93-4D04-8DF2-3312BCBD5C30}.Release|x64.ActiveCfg = Release|Any CPU
		{05AAEB43-1D93-4D04-8DF2-3312BCBD5C30}.Release|x64.Build.0 = Release|Any CPU
		{05AAEB43-1D93-4D04-8DF2-3312BCBD5C30}.Release|x86.ActiveCfg = Release|Any CPU
		{05AAEB43-1D93-4D04-8DF2-3312BCBD5C30}.Release|x86.Build.0 = Release|Any CPU
		{B0890FD9-4370-4D05-B4CE-30D03A01551F}.Debug|Any CPU.ActiveCfg = Debug|Any CPU
		{B0890FD9-4370-4D05-B4CE-30D03A01551F}.Debug|Any CPU.Build.0 = Debug|Any CPU
		{B0890FD9-4370-4D05-B4CE-30D03A01551F}.Debug|x64.ActiveCfg = Debug|Any CPU
		{B0890FD9-4370-4D05-B4CE-30D03A01551F}.Debug|x64.Build.0 = Debug|Any CPU
		{B0890FD9-4370-4D05-B4CE-30D03A01551F}.Debug|x86.ActiveCfg = Debug|Any CPU
		{B0890FD9-4370-4D05-B4CE-30D03A01551F}.Debug|x86.Build.0 = Debug|Any CPU
		{B0890FD9-4370-4D05-B4CE-30D03A01551F}.Release|Any CPU.ActiveCfg = Release|Any CPU
		{B0890FD9-4370-4D05-B4CE-30D03A01551F}.Release|Any CPU.Build.0 = Release|Any CPU
		{B0890FD9-4370-4D05-B4CE-30D03A01551F}.Release|x64.ActiveCfg = Release|Any CPU
		{B0890FD9-4370-4D05-B4CE-30D03A01551F}.Release|x64.Build.0 = Release|Any CPU
		{B0890FD9-4370-4D05-B4CE-30D03A01551F}.Release|x86.ActiveCfg = Release|Any CPU
		{B0890FD9-4370-4D05-B4CE-30D03A01551F}.Release|x86.Build.0 = Release|Any CPU
		{87DD4245-3D54-456D-88D9-A78B2D291268}.Debug|Any CPU.ActiveCfg = Debug|Any CPU
		{87DD4245-3D54-456D-88D9-A78B2D291268}.Debug|Any CPU.Build.0 = Debug|Any CPU
		{87DD4245-3D54-456D-88D9-A78B2D291268}.Debug|x64.ActiveCfg = Debug|Any CPU
		{87DD4245-3D54-456D-88D9-A78B2D291268}.Debug|x64.Build.0 = Debug|Any CPU
		{87DD4245-3D54-456D-88D9-A78B2D291268}.Debug|x86.ActiveCfg = Debug|Any CPU
		{87DD4245-3D54-456D-88D9-A78B2D291268}.Debug|x86.Build.0 = Debug|Any CPU
		{87DD4245-3D54-456D-88D9-A78B2D291268}.Release|Any CPU.ActiveCfg = Release|Any CPU
		{87DD4245-3D54-456D-88D9-A78B2D291268}.Release|Any CPU.Build.0 = Release|Any CPU
		{87DD4245-3D54-456D-88D9-A78B2D291268}.Release|x64.ActiveCfg = Release|Any CPU
		{87DD4245-3D54-456D-88D9-A78B2D291268}.Release|x64.Build.0 = Release|Any CPU
		{87DD4245-3D54-456D-88D9-A78B2D291268}.Release|x86.ActiveCfg = Release|Any CPU
		{87DD4245-3D54-456D-88D9-A78B2D291268}.Release|x86.Build.0 = Release|Any CPU
	EndGlobalSection
	GlobalSection(SolutionProperties) = preSolution
		HideSolutionNode = FALSE
	EndGlobalSection
	GlobalSection(NestedProjects) = preSolution
		{E64DA146-A890-4CCB-85AA-E389A05124E5} = {827E0CD3-B72D-47B6-A68D-7590B98EB39B}
		{77D3F908-1240-4E9E-B79A-DAC60D81C4C7} = {827E0CD3-B72D-47B6-A68D-7590B98EB39B}
		{56D9AFF4-C3AA-49D7-9B49-7DA9DA754CA7} = {827E0CD3-B72D-47B6-A68D-7590B98EB39B}
		{9C16A516-CEFC-4A30-BD7E-0A3DD543467E} = {827E0CD3-B72D-47B6-A68D-7590B98EB39B}
		{3EE428A2-172A-43E3-BB27-F14FA13CB6B3} = {827E0CD3-B72D-47B6-A68D-7590B98EB39B}
		{05AAEB43-1D93-4D04-8DF2-3312BCBD5C30} = {0AB3BF05-4346-4AA6-1389-037BE0695223}
		{B0890FD9-4370-4D05-B4CE-30D03A01551F} = {0AB3BF05-4346-4AA6-1389-037BE0695223}
		{87DD4245-3D54-456D-88D9-A78B2D291268} = {0AB3BF05-4346-4AA6-1389-037BE0695223}
	EndGlobalSection
EndGlobal
